default: &id001
  action:
  - 3442
  - []
specializations:
- - kseq{}
  - default: *id001
    specializations:
    - - dotk{}
      - default: *id001
        specializations:
        - - inj{SortFunBlock{}, SortKItem{}}
          - action:
            - 3443
            - []
          - [STRING.String]
        sort: STRING.String
        occurrence: ['0', '1']
      - []
    sort: STRING.String
    occurrence: ['1', '1']
  - [STRING.String, STRING.String]
sort: STRING.String
occurrence: ['1']
