default: &id001
  action:
  - 3466
  - []
specializations:
- - kseq{}
  - default: *id001
    specializations:
    - - dotk{}
      - default: *id001
        specializations:
        - - inj{SortBlock{}, SortKItem{}}
          - &id002
            action:
            - 3467
            - []
          - [STRING.String]
        - - inj{SortLocalResInt{}, SortKItem{}}
          - *id002
          - [STRING.String]
        - - inj{SortAssigner{}, SortKItem{}}
          - *id002
          - [STRING.String]
        - - inj{SortAExpMod{}, SortKItem{}}
          - *id002
          - [STRING.String]
        - - inj{SortSkip{}, SortKItem{}}
          - *id002
          - [STRING.String]
        - - inj{SortKotIntVarAssign{}, SortKItem{}}
          - *id002
          - [STRING.String]
        - - inj{SortId{}, SortKItem{}}
          - *id002
          - [STRING.String]
        - - inj{SortAExp{}, SortKItem{}}
          - *id002
          - [STRING.String]
        - - inj{SortUniqueIdAssigner{}, SortKItem{}}
          - *id002
          - [STRING.String]
        - - inj{SortKotlinFun{}, SortKItem{}}
          - *id002
          - [STRING.String]
        - - inj{SortStatement{}, SortKItem{}}
          - *id002
          - [STRING.String]
        - - inj{SortKotlinFunCall{}, SortKItem{}}
          - *id002
          - [STRING.String]
        - - inj{SortInt{}, SortKItem{}}
          - *id002
          - [INT.Int]
        - - inj{SortLocalResString{}, SortKItem{}}
          - *id002
          - [STRING.String]
        - - inj{SortLocalResId{}, SortKItem{}}
          - *id002
          - [STRING.String]
        - - inj{SortString{}, SortKItem{}}
          - *id002
          - [STRING.String]
        sort: STRING.String
        occurrence: ['0', '1']
      - []
    sort: STRING.String
    occurrence: ['1', '1']
  - [STRING.String, STRING.String]
sort: STRING.String
occurrence: ['1']
