default: fail
specializations:
- - kseq{}
  - default: fail
    specializations:
    - - dotk{}
      - default: fail
        specializations:
        - - inj{SortBlock{}, SortKItem{}}
          - action:
            - 3589
            - - - ['0', '0', '1']
                - STRING.String
          - [STRING.String]
        - - inj{SortAssigner{}, SortKItem{}}
          - &id001
            action:
            - 3589
            - - - &id002 ['0', '1']
                - STRING.String
          - [STRING.String]
        - - inj{SortAExpMod{}, SortKItem{}}
          - *id001
          - [STRING.String]
        - - inj{SortSkip{}, SortKItem{}}
          - *id001
          - [STRING.String]
        - - inj{SortId{}, SortKItem{}}
          - *id001
          - [STRING.String]
        - - inj{SortAExp{}, SortKItem{}}
          - *id001
          - [STRING.String]
        - - inj{SortForeach{}, SortKItem{}}
          - *id001
          - [STRING.String]
        - - inj{SortUniqueIdAssigner{}, SortKItem{}}
          - *id001
          - [STRING.String]
        - - inj{SortInt{}, SortKItem{}}
          - *id001
          - [INT.Int]
        - - inj{SortFuncDec{}, SortKItem{}}
          - *id001
          - [STRING.String]
        - - inj{SortStmt{}, SortKItem{}}
          - *id001
          - [STRING.String]
        sort: STRING.String
        occurrence: *id002
      - []
    sort: STRING.String
    occurrence: ['1', '1']
  - [STRING.String, STRING.String]
sort: STRING.String
occurrence: ['1']
